
Microsoft Visual Studio Solution File, Format Version 12.00
# Visual Studio 15
Project("{D954291E-2A0B-460D-934E-DC6B0785DB48}") = "WebRTC.Unified.Shared", "WebRTC.Unified.Shared\WebRTC.Unified.Shared.shproj", "{D68FC1CB-F633-411B-9327-AE448239ED74}"
EndProject
Project("{FAE04EC0-301F-11D3-BF4B-00C04F79EFBC}") = "WebRTC.Unified.iOS", "WebRTC.Unified.iOS\WebRTC.Unified.iOS.csproj", "{65BB36BB-AFBC-403B-8505-57C9C5B6766F}"
EndProject
Project("{FAE04EC0-301F-11D3-BF4B-00C04F79EFBC}") = "WebRTC.Unified.Android", "WebRTC.Unified.Android\WebRTC.Unified.Android.csproj", "{62EF9C64-F899-4876-BA39-C9307E4428C0}"
EndProject
Project("{5DD5E4FA-CB73-4610-85AB-557B54E96AA9}") = "WebRTC.Unified.NuGet", "WebRTC.Unified.NuGet\WebRTC.Unified.NuGet.nuproj", "{69305CAB-1C3A-4CFB-84B0-8AB648373791}"
EndProject
Global
	GlobalSection(SolutionConfigurationPlatforms) = preSolution
		Debug|Any CPU = Debug|Any CPU
		Release|Any CPU = Release|Any CPU
	EndGlobalSection
	GlobalSection(ProjectConfigurationPlatforms) = postSolution
		{65BB36BB-AFBC-403B-8505-57C9C5B6766F}.Debug|Any CPU.ActiveCfg = Debug|Any CPU
		{65BB36BB-AFBC-403B-8505-57C9C5B6766F}.Debug|Any CPU.Build.0 = Debug|Any CPU
		{65BB36BB-AFBC-403B-8505-57C9C5B6766F}.Release|Any CPU.ActiveCfg = Release|Any CPU
		{65BB36BB-AFBC-403B-8505-57C9C5B6766F}.Release|Any CPU.Build.0 = Release|Any CPU
		{62EF9C64-F899-4876-BA39-C9307E4428C0}.Debug|Any CPU.ActiveCfg = Debug|Any CPU
		{62EF9C64-F899-4876-BA39-C9307E4428C0}.Debug|Any CPU.Build.0 = Debug|Any CPU
		{62EF9C64-F899-4876-BA39-C9307E4428C0}.Release|Any CPU.ActiveCfg = Release|Any CPU
		{62EF9C64-F899-4876-BA39-C9307E4428C0}.Release|Any CPU.Build.0 = Release|Any CPU
		{69305CAB-1C3A-4CFB-84B0-8AB648373791}.Debug|Any CPU.ActiveCfg = Debug|Any CPU
		{69305CAB-1C3A-4CFB-84B0-8AB648373791}.Debug|Any CPU.Build.0 = Debug|Any CPU
		{69305CAB-1C3A-4CFB-84B0-8AB648373791}.Release|Any CPU.ActiveCfg = Release|Any CPU
		{69305CAB-1C3A-4CFB-84B0-8AB648373791}.Release|Any CPU.Build.0 = Release|Any CPU
	EndGlobalSection
EndGlobal
