
Microsoft Visual Studio Solution File, Format Version 12.00
# Visual Studio Version 16
VisualStudioVersion = 16.0.30517.126
MinimumVisualStudioVersion = 10.0.40219.1
Project("{FAE04EC0-301F-11D3-BF4B-00C04F79EFBC}") = "WebRTC.Signalling.Server", "WebRTC.Signalling.Server.csproj", "{9F0EC727-4B64-4187-BE36-3473174E11EA}"
EndProject
Global
	GlobalSection(SolutionConfigurationPlatforms) = preSolution
		Debug|Any CPU = Debug|Any CPU
		Release|Any CPU = Release|Any CPU
	EndGlobalSection
	GlobalSection(ProjectConfigurationPlatforms) = postSolution
		{9F0EC727-4B64-4187-BE36-3473174E11EA}.Debug|Any CPU.ActiveCfg = Debug|Any CPU
		{9F0EC727-4B64-4187-BE36-3473174E11EA}.Debug|Any CPU.Build.0 = Debug|Any CPU
		{9F0EC727-4B64-4187-BE36-3473174E11EA}.Release|Any CPU.ActiveCfg = Release|Any CPU
		{9F0EC727-4B64-4187-BE36-3473174E11EA}.Release|Any CPU.Build.0 = Release|Any CPU
	EndGlobalSection
	GlobalSection(SolutionProperties) = preSolution
		HideSolutionNode = FALSE
	EndGlobalSection
	GlobalSection(ExtensibilityGlobals) = postSolution
		SolutionGuid = {DF4067D0-EC11-4757-BED5-F0051DA739C7}
	EndGlobalSection
EndGlobal
